
Microsoft Visual Studio Solution File, Format Version 12.00
# Visual Studio Version 17
VisualStudioVersion = 17.4.33213.308
MinimumVisualStudioVersion = 10.0.40219.1
Project("{FAE04EC0-301F-11D3-BF4B-00C04F79EFBC}") = "deliverable_5", "deliverable_5\deliverable_5.csproj", "{91AD3DE0-25CF-4923-BA96-CB61C053803B}"
EndProject
Global
	GlobalSection(SolutionConfigurationPlatforms) = preSolution
		Debug|Any CPU = Debug|Any CPU
		Release|Any CPU = Release|Any CPU
	EndGlobalSection
	GlobalSection(ProjectConfigurationPlatforms) = postSolution
		{91AD3DE0-25CF-4923-BA96-CB61C053803B}.Debug|Any CPU.ActiveCfg = Debug|Any CPU
		{91AD3DE0-25CF-4923-BA96-CB61C053803B}.Debug|Any CPU.Build.0 = Debug|Any CPU
		{91AD3DE0-25CF-4923-BA96-CB61C053803B}.Release|Any CPU.ActiveCfg = Release|Any CPU
		{91AD3DE0-25CF-4923-BA96-CB61C053803B}.Release|Any CPU.Build.0 = Release|Any CPU
	EndGlobalSection
	GlobalSection(SolutionProperties) = preSolution
		HideSolutionNode = FALSE
	EndGlobalSection
	GlobalSection(ExtensibilityGlobals) = postSolution
		SolutionGuid = {75E8221A-A00F-42E2-88E1-1886ECF2B8F3}
	EndGlobalSection
EndGlobal
